
Microsoft Visual Studio Solution File, Format Version 12.00
# Visual Studio Version 16
VisualStudioVersion = 16.0.30611.23
MinimumVisualStudioVersion = 10.0.40219.1
Project("{9A19103F-16F7-4668-BE54-9A1E7A4F7556}") = "SimbirSoft.API.WebApp", "SimbirSoft.API.WebApp.csproj", "{953B581E-C9BC-46B9-A267-F99AADDC691F}"
EndProject
Project("{9A19103F-16F7-4668-BE54-9A1E7A4F7556}") = "SimbirSoft.API.Services", "..\SimbirSoft.API.Services\SimbirSoft.API.Services.csproj", "{47B0506E-A27D-4B04-9CEC-366A72BD9AEB}"
EndProject
Project("{9A19103F-16F7-4668-BE54-9A1E7A4F7556}") = "SimbirSoft.API.Models", "..\SimbirSoft.API.Models\SimbirSoft.API.Models.csproj", "{DC4646C7-EB23-4FF6-A0EC-2E6999732AB2}"
EndProject
Project("{9A19103F-16F7-4668-BE54-9A1E7A4F7556}") = "SimbirSoft.API.Database", "..\SimbirSoft.API.Database\SimbirSoft.API.Database.csproj", "{10417586-82A7-436F-8C37-1E84DB267B32}"
EndProject
Project("{FAE04EC0-301F-11D3-BF4B-00C04F79EFBC}") = "Simbirsoft.API.Repositories", "..\Simbirsoft.API.Repositories\Simbirsoft.API.Repositories.csproj", "{0CE7A9DD-EA89-4FAD-88F9-FCB9FBDF1513}"
EndProject
Global
	GlobalSection(SolutionConfigurationPlatforms) = preSolution
		Debug|Any CPU = Debug|Any CPU
		Release|Any CPU = Release|Any CPU
	EndGlobalSection
	GlobalSection(ProjectConfigurationPlatforms) = postSolution
		{953B581E-C9BC-46B9-A267-F99AADDC691F}.Debug|Any CPU.ActiveCfg = Debug|Any CPU
		{953B581E-C9BC-46B9-A267-F99AADDC691F}.Debug|Any CPU.Build.0 = Debug|Any CPU
		{953B581E-C9BC-46B9-A267-F99AADDC691F}.Release|Any CPU.ActiveCfg = Release|Any CPU
		{953B581E-C9BC-46B9-A267-F99AADDC691F}.Release|Any CPU.Build.0 = Release|Any CPU
		{47B0506E-A27D-4B04-9CEC-366A72BD9AEB}.Debug|Any CPU.ActiveCfg = Debug|Any CPU
		{47B0506E-A27D-4B04-9CEC-366A72BD9AEB}.Debug|Any CPU.Build.0 = Debug|Any CPU
		{47B0506E-A27D-4B04-9CEC-366A72BD9AEB}.Release|Any CPU.ActiveCfg = Release|Any CPU
		{47B0506E-A27D-4B04-9CEC-366A72BD9AEB}.Release|Any CPU.Build.0 = Release|Any CPU
		{DC4646C7-EB23-4FF6-A0EC-2E6999732AB2}.Debug|Any CPU.ActiveCfg = Debug|Any CPU
		{DC4646C7-EB23-4FF6-A0EC-2E6999732AB2}.Debug|Any CPU.Build.0 = Debug|Any CPU
		{DC4646C7-EB23-4FF6-A0EC-2E6999732AB2}.Release|Any CPU.ActiveCfg = Release|Any CPU
		{DC4646C7-EB23-4FF6-A0EC-2E6999732AB2}.Release|Any CPU.Build.0 = Release|Any CPU
		{10417586-82A7-436F-8C37-1E84DB267B32}.Debug|Any CPU.ActiveCfg = Debug|Any CPU
		{10417586-82A7-436F-8C37-1E84DB267B32}.Debug|Any CPU.Build.0 = Debug|Any CPU
		{10417586-82A7-436F-8C37-1E84DB267B32}.Release|Any CPU.ActiveCfg = Release|Any CPU
		{10417586-82A7-436F-8C37-1E84DB267B32}.Release|Any CPU.Build.0 = Release|Any CPU
		{0CE7A9DD-EA89-4FAD-88F9-FCB9FBDF1513}.Debug|Any CPU.ActiveCfg = Debug|Any CPU
		{0CE7A9DD-EA89-4FAD-88F9-FCB9FBDF1513}.Debug|Any CPU.Build.0 = Debug|Any CPU
		{0CE7A9DD-EA89-4FAD-88F9-FCB9FBDF1513}.Release|Any CPU.ActiveCfg = Release|Any CPU
		{0CE7A9DD-EA89-4FAD-88F9-FCB9FBDF1513}.Release|Any CPU.Build.0 = Release|Any CPU
	EndGlobalSection
	GlobalSection(SolutionProperties) = preSolution
		HideSolutionNode = FALSE
	EndGlobalSection
	GlobalSection(ExtensibilityGlobals) = postSolution
		SolutionGuid = {3540F4E1-3CD7-433A-9F68-C6FBFF9BFDCA}
	EndGlobalSection
EndGlobal
