
Microsoft Visual Studio Solution File, Format Version 12.00
# Visual Studio Version 16
VisualStudioVersion = 16.0.30611.23
MinimumVisualStudioVersion = 10.0.40219.1
Project("{FAE04EC0-301F-11D3-BF4B-00C04F79EFBC}") = "SimbirSoft.API.WebApp", "SimbirSoft.API.WebApp.csproj", "{953B581E-C9BC-46B9-A267-F99AADDC691F}"
EndProject
Global
	GlobalSection(SolutionConfigurationPlatforms) = preSolution
		Debug|Any CPU = Debug|Any CPU
		Release|Any CPU = Release|Any CPU
	EndGlobalSection
	GlobalSection(ProjectConfigurationPlatforms) = postSolution
		{953B581E-C9BC-46B9-A267-F99AADDC691F}.Debug|Any CPU.ActiveCfg = Debug|Any CPU
		{953B581E-C9BC-46B9-A267-F99AADDC691F}.Debug|Any CPU.Build.0 = Debug|Any CPU
		{953B581E-C9BC-46B9-A267-F99AADDC691F}.Release|Any CPU.ActiveCfg = Release|Any CPU
		{953B581E-C9BC-46B9-A267-F99AADDC691F}.Release|Any CPU.Build.0 = Release|Any CPU
	EndGlobalSection
	GlobalSection(SolutionProperties) = preSolution
		HideSolutionNode = FALSE
	EndGlobalSection
	GlobalSection(ExtensibilityGlobals) = postSolution
		SolutionGuid = {3540F4E1-3CD7-433A-9F68-C6FBFF9BFDCA}
	EndGlobalSection
EndGlobal
